
Microsoft Visual Studio Solution File, Format Version 12.00
# Visual Studio 14
VisualStudioVersion = 14.0.24720.0
MinimumVisualStudioVersion = 10.0.40219.1
Project("{FAE04EC0-301F-11D3-BF4B-00C04F79EFBC}") = "Data Types and Variables", "Data Types and Variables\Data Types and Variables.csproj", "{B70E2945-8196-4B7A-A5BE-78900028CE83}"
EndProject
Global
	GlobalSection(SolutionConfigurationPlatforms) = preSolution
		Debug|Any CPU = Debug|Any CPU
		Release|Any CPU = Release|Any CPU
	EndGlobalSection
	GlobalSection(ProjectConfigurationPlatforms) = postSolution
		{B70E2945-8196-4B7A-A5BE-78900028CE83}.Debug|Any CPU.ActiveCfg = Debug|Any CPU
		{B70E2945-8196-4B7A-A5BE-78900028CE83}.Debug|Any CPU.Build.0 = Debug|Any CPU
		{B70E2945-8196-4B7A-A5BE-78900028CE83}.Release|Any CPU.ActiveCfg = Release|Any CPU
		{B70E2945-8196-4B7A-A5BE-78900028CE83}.Release|Any CPU.Build.0 = Release|Any CPU
	EndGlobalSection
	GlobalSection(SolutionProperties) = preSolution
		HideSolutionNode = FALSE
	EndGlobalSection
EndGlobal
